
Microsoft Visual Studio Solution File, Format Version 12.00
# Visual Studio Version 17
VisualStudioVersion = 17.8.34309.116
MinimumVisualStudioVersion = 10.0.40219.1
Project("{FAE04EC0-301F-11D3-BF4B-00C04F79EFBC}") = "Examen3_AbdenagoLopez", "Examen3_AbdenagoLopez\Examen3_AbdenagoLopez.csproj", "{BDD49B18-BF49-4058-9075-6C7CFF381072}"
EndProject
Global
	GlobalSection(SolutionConfigurationPlatforms) = preSolution
		Debug|Any CPU = Debug|Any CPU
		Release|Any CPU = Release|Any CPU
	EndGlobalSection
	GlobalSection(ProjectConfigurationPlatforms) = postSolution
		{BDD49B18-BF49-4058-9075-6C7CFF381072}.Debug|Any CPU.ActiveCfg = Debug|Any CPU
		{BDD49B18-BF49-4058-9075-6C7CFF381072}.Debug|Any CPU.Build.0 = Debug|Any CPU
		{BDD49B18-BF49-4058-9075-6C7CFF381072}.Release|Any CPU.ActiveCfg = Release|Any CPU
		{BDD49B18-BF49-4058-9075-6C7CFF381072}.Release|Any CPU.Build.0 = Release|Any CPU
	EndGlobalSection
	GlobalSection(SolutionProperties) = preSolution
		HideSolutionNode = FALSE
	EndGlobalSection
	GlobalSection(ExtensibilityGlobals) = postSolution
		SolutionGuid = {1A57B69A-B972-4D12-9A87-19F751F7FF06}
	EndGlobalSection
EndGlobal
